lockfileVersion: '9.0'

settings:
  autoInstallPeers: true
  excludeLinksFromLockfile: false

importers:

  .:
    dependencies:
      '@terrazzo/parser':
        specifier: ^2.7.1
        version: 2.7.1
    devDependencies:
      '@types/node':
        specifier: ^26.6.3
        version: 26.6.3

packages:

  '@humanwhocodes/momoa@3.3.13':
    resolution: {integrity: sha512-AbKq3EW41+HY6pNMJgAOrz68iyiTTf0Nr1JRHHfuG5zwniJ9Dw8J3U7oa1I2ptpqYwmEf1sXKOGK6lbdZ9eqmg==}
    engines: {node: '>=18'}

  '@terrazzo/json-schema-tools@0.3.0':
    resolution: {integrity: sha512-uF6tpAi+slKtvycLvwZGN1siLUTTqVri1iF2b05Dx1hvYM0WWzUdLC9RD7tAwQ39tTPf9rmI6czA8W0rGB5wUQ==}
    peerDependencies:
      '@humanwhocodes/momoa': ^3.0.0
      yaml-to-momoa: 0.1.0
    peerDependenciesMeta:
      yaml-to-momoa:
        optional: true

  '@terrazzo/parser@2.7.1':
    resolution: {integrity: sha512-dZPVp1mndx81PEbXe9NM8lZRh50TfwzyV0mOIaAcq1r3MiWGkr/K2WLObJjcDivP/5VbScxtGXbTbAW0oB1WIg==}
    peerDependencies:
      yaml-to-momoa: 0.1.0
    peerDependenciesMeta:
      yaml-to-momoa:
        optional: true

  '@terrazzo/token-tools@2.7.1':
    resolution: {integrity: sha512-ylPpuUi5se/uzvpTiiTnOZqXMqVEpfhYBt8UY4D10NijZV76tjN55KNyRlSMPA1zg+loO06BktL1CR1/EhBtvQ==}

  '@terrazzo/token-types@2.7.1':
    resolution: {integrity: sha512-ahMSS4i4yXbtVyXRupbdMP2gkotSIh2sXHEyM2fBVRcmcydggxeVs9qJ+x7e6M4hacqFDiaDigcbpRRS2lrvdQ==}

  '@types/babel__code-frame@7.27.0':
    resolution: {integrity: sha512-Dwlo+LrxDx/0SpfmJ/BKveHf7QXWvLBLc+x03l5sbzykj3oB9nHygCpSECF1a+s+QIxbghe+KHqC90vGtxLRAA==}

  '@types/node@26.6.3':
    resolution: {integrity: sha512-dsqMQQoeTLqu9wynDD00q573mNzso3IdQOAfHRJqLCcmCFPoGo9A1bDpUcv/9tnKpErQWv9uKeGfl37EIS02Yg==}

  colorjs.io@0.7.1:
    resolution: {integrity: sha512-LY7OHnJZxHwT5UlzNa9bbhHHDbzB6yE5+3MIPwJEQKRvSCt/T4G7epsj+9j2BExUIIfXFIJGsIXUKdfrK9Q5tA==}

  is-what@4.1.16:
    resolution: {integrity: sha512-ZhMwEosbFJkA0YhFnNDgTM4ZxDRsS6HqTo7qsZM08fehyRYIYa0yHu5R6mgo1n/8MgaPBXiPimPD77baVFYg+A==}
    engines: {node: '>=12.13'}

  merge-anything@5.1.7:
    resolution: {integrity: sha512-eRtbOb1N5iyH0tkQDAoQ4Ipsp/5qSR79Dzrz8hEPxRX10RWWR/iQXdoKmBSRCThY1Fh5EhISDtpSc93fpxUniQ==}
    engines: {node: '>=12.13'}

  picocolors@1.1.1:
    resolution: {integrity: sha512-xceH2snhtb5M9liqDsmEw56le376mTZkEX/jEb/RxNFyegNul7eNslCXP9FDj/Lcu0X8KEyMceP2ntpaHrDEVA==}

  scule@1.3.0:
    resolution: {integrity: sha512-6FtHJEvt+pVMIB9IBY+IcCJ6Z5f1iQnytgyfKMhDKgmzYG+TeH/wx1y3l27rshSbLiSanrR9ffZDrEsmjlQF2g==}

  undici-types@8.9.0:
    resolution: {integrity: sha512-KTDyRTYX8sWmKXAikPHHSyc63CRPETMctyjKFupcC6OBLXT3xsN0e9aF7m+mIXutFWpUXuedtowG7iLOzp0kQg==}

  wildcard-match@5.1.4:
    resolution: {integrity: sha512-wldeCaczs8XXq7hj+5d/F38JE2r7EXgb6WQDM84RVwxy81T/sxB5e9+uZLK9Q9oNz1mlvjut+QtvgaOQFPVq/g==}

snapshots:

  '@humanwhocodes/momoa@3.3.13': {}

  '@terrazzo/json-schema-tools@0.3.0(@humanwhocodes/momoa@3.3.13)':
    dependencies:
      '@humanwhocodes/momoa': 3.3.13

  '@terrazzo/parser@2.7.1':
    dependencies:
      '@humanwhocodes/momoa': 3.3.13
      '@terrazzo/json-schema-tools': 0.3.0(@humanwhocodes/momoa@3.3.13)
      '@terrazzo/token-tools': 2.7.1
      '@terrazzo/token-types': 2.7.1
      '@types/babel__code-frame': 7.27.0
      colorjs.io: 0.7.1
      merge-anything: 5.1.7
      picocolors: 1.1.1
      scule: 1.3.0

  '@terrazzo/token-tools@2.7.1':
    dependencies:
      '@humanwhocodes/momoa': 3.3.13
      '@terrazzo/token-types': 2.7.1
      colorjs.io: 0.7.1
      wildcard-match: 5.1.4

  '@terrazzo/token-types@2.7.1': {}

  '@types/babel__code-frame@7.27.0': {}

  '@types/node@26.6.3':
    dependencies:
      undici-types: 8.9.0

  colorjs.io@0.7.1: {}

  is-what@4.1.16: {}

  merge-anything@5.1.7:
    dependencies:
      is-what: 4.1.16

  picocolors@1.1.1: {}

  scule@1.3.0: {}

  undici-types@8.9.0: {}

  wildcard-match@5.1.4: {}
